
Microsoft Visual Studio Solution File, Format Version 11.00
# Visual Studio 2010
Project("{FAE04EC0-301F-11D3-BF4B-00C04F79EFBC}") = "GetHistoricalData", "GetHistoricalData.csproj", "{45BB8FFB-7F78-45B0-BCAC-D123A0F6CB7D}"
EndProject
Global
	GlobalSection(SolutionConfigurationPlatforms) = preSolution
		Debug|Any CPU = Debug|Any CPU
		Release|Any CPU = Release|Any CPU
	EndGlobalSection
	GlobalSection(ProjectConfigurationPlatforms) = postSolution
		{45BB8FFB-7F78-45B0-BCAC-D123A0F6CB7D}.Debug|Any CPU.ActiveCfg = Debug|Any CPU
		{45BB8FFB-7F78-45B0-BCAC-D123A0F6CB7D}.Debug|Any CPU.Build.0 = Debug|Any CPU
		{45BB8FFB-7F78-45B0-BCAC-D123A0F6CB7D}.Release|Any CPU.ActiveCfg = Release|Any CPU
		{45BB8FFB-7F78-45B0-BCAC-D123A0F6CB7D}.Release|Any CPU.Build.0 = Release|Any CPU
	EndGlobalSection
	GlobalSection(SolutionProperties) = preSolution
		HideSolutionNode = FALSE
	EndGlobalSection
EndGlobal
